// !$*UTF8*$!
{
	archiveVersion = 1;
	classes = {
	};
	objectVersion = 56;
	objects = {

/* Begin PBXBuildFile section */
		3AFC00052C49815F00199EE0 /* BookCategory.swift in Sources */ = {isa = PBXBuildFile; fileRef = 3AFC00042C49815E00199EE0 /* BookCategory.swift */; };
		3AFC00072C49826F00199EE0 /* Author.swift in Sources */ = {isa = PBXBuildFile; fileRef = 3AFC00062C49826F00199EE0 /* Author.swift */; };
		3AFC00092C49839700199EE0 /* Book.swift in Sources */ = {isa = PBXBuildFile; fileRef = 3AFC00082C49839700199EE0 /* Book.swift */; };
		3AFC000B2C49858F00199EE0 /* Sale.swift in Sources */ = {isa = PBXBuildFile; fileRef = 3AFC000A2C49858F00199EE0 /* Sale.swift */; };
		3AFC000D2C49897100199EE0 /* Expense.swift in Sources */ = {isa = PBXBuildFile; fileRef = 3AFC000C2C49897100199EE0 /* Expense.swift */; };
		3AFC00102C498DF800199EE0 /* SalesViewModel.swift in Sources */ = {isa = PBXBuildFile; fileRef = 3AFC000F2C498DF800199EE0 /* SalesViewModel.swift */; };
		3AFC00172C49942900199EE0 /* DailyChartView.swift in Sources */ = {isa = PBXBuildFile; fileRef = 3AFC00162C49942900199EE0 /* DailyChartView.swift */; };
		3AFC00192C49944B00199EE0 /* WeeklyChartsView.swift in Sources */ = {isa = PBXBuildFile; fileRef = 3AFC00182C49944B00199EE0 /* WeeklyChartsView.swift */; };
		3AFC001B2C49945D00199EE0 /* MonthlyChartsView.swift in Sources */ = {isa = PBXBuildFile; fileRef = 3AFC001A2C49945D00199EE0 /* MonthlyChartsView.swift */; };
		3AFC001D2C49996C00199EE0 /* SimpleBookSalesView.swift in Sources */ = {isa = PBXBuildFile; fileRef = 3AFC001C2C49996C00199EE0 /* SimpleBookSalesView.swift */; };
		3AFC001F2C49B5F700199EE0 /* DetailBookSalesView.swift in Sources */ = {isa = PBXBuildFile; fileRef = 3AFC001E2C49B5F700199EE0 /* DetailBookSalesView.swift */; };
		3AFCFFF52C49814600199EE0 /* BookStoreStrategiestApp.swift in Sources */ = {isa = PBXBuildFile; fileRef = 3AFCFFF42C49814600199EE0 /* BookStoreStrategiestApp.swift */; };
		3AFCFFF72C49814600199EE0 /* ContentView.swift in Sources */ = {isa = PBXBuildFile; fileRef = 3AFCFFF62C49814600199EE0 /* ContentView.swift */; };
		3AFCFFF92C49814800199EE0 /* Assets.xcassets in Resources */ = {isa = PBXBuildFile; fileRef = 3AFCFFF82C49814800199EE0 /* Assets.xcassets */; };
		3AFCFFFD2C49814800199EE0 /* Preview Assets.xcassets in Resources */ = {isa = PBXBuildFile; fileRef = 3AFCFFFC2C49814800199EE0 /* Preview Assets.xcassets */; };
/* End PBXBuildFile section */

/* Begin PBXFileReference section */
		3AFC00042C49815E00199EE0 /* BookCategory.swift */ = {isa = PBXFileReference; lastKnownFileType = sourcecode.swift; path = BookCategory.swift; sourceTree = "<group>"; };
		3AFC00062C49826F00199EE0 /* Author.swift */ = {isa = PBXFileReference; lastKnownFileType = sourcecode.swift; path = Author.swift; sourceTree = "<group>"; };
		3AFC00082C49839700199EE0 /* Book.swift */ = {isa = PBXFileReference; lastKnownFileType = sourcecode.swift; path = Book.swift; sourceTree = "<group>"; };
		3AFC000A2C49858F00199EE0 /* Sale.swift */ = {isa = PBXFileReference; lastKnownFileType = sourcecode.swift; path = Sale.swift; sourceTree = "<group>"; };
		3AFC000C2C49897100199EE0 /* Expense.swift */ = {isa = PBXFileReference; lastKnownFileType = sourcecode.swift; path = Expense.swift; sourceTree = "<group>"; };
		3AFC000F2C498DF800199EE0 /* SalesViewModel.swift */ = {isa = PBXFileReference; lastKnownFileType = sourcecode.swift; path = SalesViewModel.swift; sourceTree = "<group>"; };
		3AFC00162C49942900199EE0 /* DailyChartView.swift */ = {isa = PBXFileReference; lastKnownFileType = sourcecode.swift; path = DailyChartView.swift; sourceTree = "<group>"; };
		3AFC00182C49944B00199EE0 /* WeeklyChartsView.swift */ = {isa = PBXFileReference; lastKnownFileType = sourcecode.swift; path = WeeklyChartsView.swift; sourceTree = "<group>"; };
		3AFC001A2C49945D00199EE0 /* MonthlyChartsView.swift */ = {isa = PBXFileReference; lastKnownFileType = sourcecode.swift; path = MonthlyChartsView.swift; sourceTree = "<group>"; };
		3AFC001C2C49996C00199EE0 /* SimpleBookSalesView.swift */ = {isa = PBXFileReference; lastKnownFileType = sourcecode.swift; path = SimpleBookSalesView.swift; sourceTree = "<group>"; };
		3AFC001E2C49B5F700199EE0 /* DetailBookSalesView.swift */ = {isa = PBXFileReference; lastKnownFileType = sourcecode.swift; path = DetailBookSalesView.swift; sourceTree = "<group>"; };
		3AFCFFF12C49814600199EE0 /* BookStoreStrategiest.app */ = {isa = PBXFileReference; explicitFileType = wrapper.application; includeInIndex = 0; path = BookStoreStrategiest.app; sourceTree = BUILT_PRODUCTS_DIR; };
		3AFCFFF42C49814600199EE0 /* BookStoreStrategiestApp.swift */ = {isa = PBXFileReference; lastKnownFileType = sourcecode.swift; path = BookStoreStrategiestApp.swift; sourceTree = "<group>"; };
		3AFCFFF62C49814600199EE0 /* ContentView.swift */ = {isa = PBXFileReference; lastKnownFileType = sourcecode.swift; path = ContentView.swift; sourceTree = "<group>"; };
		3AFCFFF82C49814800199EE0 /* Assets.xcassets */ = {isa = PBXFileReference; lastKnownFileType = folder.assetcatalog; path = Assets.xcassets; sourceTree = "<group>"; };
		3AFCFFFA2C49814800199EE0 /* BookStoreStrategiest.entitlements */ = {isa = PBXFileReference; lastKnownFileType = text.plist.entitlements; path = BookStoreStrategiest.entitlements; sourceTree = "<group>"; };
		3AFCFFFC2C49814800199EE0 /* Preview Assets.xcassets */ = {isa = PBXFileReference; lastKnownFileType = folder.assetcatalog; path = "Preview Assets.xcassets"; sourceTree = "<group>"; };
/* End PBXFileReference section */

/* Begin PBXFrameworksBuildPhase section */
		3AFCFFEE2C49814600199EE0 /* Frameworks */ = {
			isa = PBXFrameworksBuildPhase;
			buildActionMask = 2147483647;
			files = (
			);
			runOnlyForDeploymentPostprocessing = 0;
		};
/* End PBXFrameworksBuildPhase section */

/* Begin PBXGroup section */
		3AFC00032C49815200199EE0 /* Model */ = {
			isa = PBXGroup;
			children = (
				3AFC00042C49815E00199EE0 /* BookCategory.swift */,
				3AFC00062C49826F00199EE0 /* Author.swift */,
				3AFC00082C49839700199EE0 /* Book.swift */,
				3AFC000A2C49858F00199EE0 /* Sale.swift */,
				3AFC000C2C49897100199EE0 /* Expense.swift */,
			);
			path = Model;
			sourceTree = "<group>";
		};
		3AFC000E2C498DC700199EE0 /* ViewModels */ = {
			isa = PBXGroup;
			children = (
				3AFC000F2C498DF800199EE0 /* SalesViewModel.swift */,
			);
			path = ViewModels;
			sourceTree = "<group>";
		};
		3AFC00112C4993B100199EE0 /* Views */ = {
			isa = PBXGroup;
			children = (
				3AFC00152C4993F800199EE0 /* ExpensesStats */,
				3AFC00142C4993E500199EE0 /* BookCategoryStats */,
				3AFC00132C4993CE00199EE0 /* WeekdayStats */,
				3AFC00122C4993BE00199EE0 /* SalesStats */,
			);
			path = Views;
			sourceTree = "<group>";
		};
		3AFC00122C4993BE00199EE0 /* SalesStats */ = {
			isa = PBXGroup;
			children = (
				3AFC001C2C49996C00199EE0 /* SimpleBookSalesView.swift */,
				3AFC001E2C49B5F700199EE0 /* DetailBookSalesView.swift */,
				3AFC00162C49942900199EE0 /* DailyChartView.swift */,
				3AFC00182C49944B00199EE0 /* WeeklyChartsView.swift */,
				3AFC001A2C49945D00199EE0 /* MonthlyChartsView.swift */,
			);
			path = SalesStats;
			sourceTree = "<group>";
		};
		3AFC00132C4993CE00199EE0 /* WeekdayStats */ = {
			isa = PBXGroup;
			children = (
			);
			path = WeekdayStats;
			sourceTree = "<group>";
		};
		3AFC00142C4993E500199EE0 /* BookCategoryStats */ = {
			isa = PBXGroup;
			children = (
			);
			path = BookCategoryStats;
			sourceTree = "<group>";
		};
		3AFC00152C4993F800199EE0 /* ExpensesStats */ = {
			isa = PBXGroup;
			children = (
			);
			path = ExpensesStats;
			sourceTree = "<group>";
		};
		3AFCFFE82C49814600199EE0 = {
			isa = PBXGroup;
			children = (
				3AFCFFF32C49814600199EE0 /* BookStoreStrategiest */,
				3AFCFFF22C49814600199EE0 /* Products */,
			);
			sourceTree = "<group>";
		};
		3AFCFFF22C49814600199EE0 /* Products */ = {
			isa = PBXGroup;
			children = (
				3AFCFFF12C49814600199EE0 /* BookStoreStrategiest.app */,
			);
			name = Products;
			sourceTree = "<group>";
		};
		3AFCFFF32C49814600199EE0 /* BookStoreStrategiest */ = {
			isa = PBXGroup;
			children = (
				3AFCFFF42C49814600199EE0 /* BookStoreStrategiestApp.swift */,
				3AFCFFF62C49814600199EE0 /* ContentView.swift */,
				3AFC00112C4993B100199EE0 /* Views */,
				3AFC000E2C498DC700199EE0 /* ViewModels */,
				3AFC00032C49815200199EE0 /* Model */,
				3AFCFFF82C49814800199EE0 /* Assets.xcassets */,
				3AFCFFFA2C49814800199EE0 /* BookStoreStrategiest.entitlements */,
				3AFCFFFB2C49814800199EE0 /* Preview Content */,
			);
			path = BookStoreStrategiest;
			sourceTree = "<group>";
		};
		3AFCFFFB2C49814800199EE0 /* Preview Content */ = {
			isa = PBXGroup;
			children = (
				3AFCFFFC2C49814800199EE0 /* Preview Assets.xcassets */,
			);
			path = "Preview Content";
			sourceTree = "<group>";
		};
/* End PBXGroup section */

/* Begin PBXNativeTarget section */
		3AFCFFF02C49814600199EE0 /* BookStoreStrategiest */ = {
			isa = PBXNativeTarget;
			buildConfigurationList = 3AFC00002C49814800199EE0 /* Build configuration list for PBXNativeTarget "BookStoreStrategiest" */;
			buildPhases = (
				3AFCFFED2C49814600199EE0 /* Sources */,
				3AFCFFEE2C49814600199EE0 /* Frameworks */,
				3AFCFFEF2C49814600199EE0 /* Resources */,
			);
			buildRules = (
			);
			dependencies = (
			);
			name = BookStoreStrategiest;
			productName = BookStoreStrategiest;
			productReference = 3AFCFFF12C49814600199EE0 /* BookStoreStrategiest.app */;
			productType = "com.apple.product-type.application";
		};
/* End PBXNativeTarget section */

/* Begin PBXProject section */
		3AFCFFE92C49814600199EE0 /* Project object */ = {
			isa = PBXProject;
			attributes = {
				BuildIndependentTargetsInParallel = 1;
				LastSwiftUpdateCheck = 1540;
				LastUpgradeCheck = 1540;
				TargetAttributes = {
					3AFCFFF02C49814600199EE0 = {
						CreatedOnToolsVersion = 15.4;
					};
				};
			};
			buildConfigurationList = 3AFCFFEC2C49814600199EE0 /* Build configuration list for PBXProject "BookStoreStrategiest" */;
			compatibilityVersion = "Xcode 14.0";
			developmentRegion = en;
			hasScannedForEncodings = 0;
			knownRegions = (
				en,
				Base,
			);
			mainGroup = 3AFCFFE82C49814600199EE0;
			productRefGroup = 3AFCFFF22C49814600199EE0 /* Products */;
			projectDirPath = "";
			projectRoot = "";
			targets = (
				3AFCFFF02C49814600199EE0 /* BookStoreStrategiest */,
			);
		};
/* End PBXProject section */

/* Begin PBXResourcesBuildPhase section */
		3AFCFFEF2C49814600199EE0 /* Resources */ = {
			isa = PBXResourcesBuildPhase;
			buildActionMask = 2147483647;
			files = (
				3AFCFFFD2C49814800199EE0 /* Preview Assets.xcassets in Resources */,
				3AFCFFF92C49814800199EE0 /* Assets.xcassets in Resources */,
			);
			runOnlyForDeploymentPostprocessing = 0;
		};
/* End PBXResourcesBuildPhase section */

/* Begin PBXSourcesBuildPhase section */
		3AFCFFED2C49814600199EE0 /* Sources */ = {
			isa = PBXSourcesBuildPhase;
			buildActionMask = 2147483647;
			files = (
				3AFC001B2C49945D00199EE0 /* MonthlyChartsView.swift in Sources */,
				3AFC000D2C49897100199EE0 /* Expense.swift in Sources */,
				3AFC00052C49815F00199EE0 /* BookCategory.swift in Sources */,
				3AFCFFF72C49814600199EE0 /* ContentView.swift in Sources */,
				3AFC001D2C49996C00199EE0 /* SimpleBookSalesView.swift in Sources */,
				3AFC00102C498DF800199EE0 /* SalesViewModel.swift in Sources */,
				3AFC00072C49826F00199EE0 /* Author.swift in Sources */,
				3AFC00172C49942900199EE0 /* DailyChartView.swift in Sources */,
				3AFC00192C49944B00199EE0 /* WeeklyChartsView.swift in Sources */,
				3AFC00092C49839700199EE0 /* Book.swift in Sources */,
				3AFC000B2C49858F00199EE0 /* Sale.swift in Sources */,
				3AFC001F2C49B5F700199EE0 /* DetailBookSalesView.swift in Sources */,
				3AFCFFF52C49814600199EE0 /* BookStoreStrategiestApp.swift in Sources */,
			);
			runOnlyForDeploymentPostprocessing = 0;
		};
/* End PBXSourcesBuildPhase section */

/* Begin XCBuildConfiguration section */
		3AFC00012C49814800199EE0 /* Debug */ = {
			isa = XCBuildConfiguration;
			buildSettings = {
				ASSETCATALOG_COMPILER_APPICON_NAME = AppIcon;
				ASSETCATALOG_COMPILER_GLOBAL_ACCENT_COLOR_NAME = AccentColor;
				CODE_SIGN_ENTITLEMENTS = BookStoreStrategiest/BookStoreStrategiest.entitlements;
				CODE_SIGN_STYLE = Automatic;
				CURRENT_PROJECT_VERSION = 1;
				DEVELOPMENT_ASSET_PATHS = "\"BookStoreStrategiest/Preview Content\"";
				DEVELOPMENT_TEAM = N2LF8DTSP7;
				ENABLE_HARDENED_RUNTIME = YES;
				ENABLE_PREVIEWS = YES;
				GENERATE_INFOPLIST_FILE = YES;
				"INFOPLIST_KEY_UIApplicationSceneManifest_Generation[sdk=iphoneos*]" = YES;
				"INFOPLIST_KEY_UIApplicationSceneManifest_Generation[sdk=iphonesimulator*]" = YES;
				"INFOPLIST_KEY_UIApplicationSupportsIndirectInputEvents[sdk=iphoneos*]" = YES;
				"INFOPLIST_KEY_UIApplicationSupportsIndirectInputEvents[sdk=iphonesimulator*]" = YES;
				"INFOPLIST_KEY_UILaunchScreen_Generation[sdk=iphoneos*]" = YES;
				"INFOPLIST_KEY_UILaunchScreen_Generation[sdk=iphonesimulator*]" = YES;
				"INFOPLIST_KEY_UIStatusBarStyle[sdk=iphoneos*]" = UIStatusBarStyleDefault;
				"INFOPLIST_KEY_UIStatusBarStyle[sdk=iphonesimulator*]" = UIStatusBarStyleDefault;
				INFOPLIST_KEY_UISupportedInterfaceOrientations_iPad = "UIInterfaceOrientationPortrait UIInterfaceOrientationPortraitUpsideDown UIInterfaceOrientationLandscapeLeft UIInterfaceOrientationLandscapeRight";
				INFOPLIST_KEY_UISupportedInterfaceOrientations_iPhone = "UIInterfaceOrientationPortrait UIInterfaceOrientationLandscapeLeft UIInterfaceOrientationLandscapeRight";
				IPHONEOS_DEPLOYMENT_TARGET = 17.5;
				LD_RUNPATH_SEARCH_PATHS = "@executable_path/Frameworks";
				"LD_RUNPATH_SEARCH_PATHS[sdk=macosx*]" = "@executable_path/../Frameworks";
				MACOSX_DEPLOYMENT_TARGET = 14.5;
				MARKETING_VERSION = 1.0;
				PRODUCT_BUNDLE_IDENTIFIER = com.bookStore.BookStoreStrategiest;
				PRODUCT_NAME = "$(TARGET_NAME)";
				SDKROOT = auto;
				SUPPORTED_PLATFORMS = "iphoneos iphonesimulator macosx";
				SWIFT_EMIT_LOC_STRINGS = YES;
				SWIFT_VERSION = 5.0;
				TARGETED_DEVICE_FAMILY = "1,2";
			};
			name = Debug;
		};
		3AFC00022C49814800199EE0 /* Release */ = {
			isa = XCBuildConfiguration;
			buildSettings = {
				ASSETCATALOG_COMPILER_APPICON_NAME = AppIcon;
				ASSETCATALOG_COMPILER_GLOBAL_ACCENT_COLOR_NAME = AccentColor;
				CODE_SIGN_ENTITLEMENTS = BookStoreStrategiest/BookStoreStrategiest.entitlements;
				CODE_SIGN_STYLE = Automatic;
				CURRENT_PROJECT_VERSION = 1;
				DEVELOPMENT_ASSET_PATHS = "\"BookStoreStrategiest/Preview Content\"";
				DEVELOPMENT_TEAM = N2LF8DTSP7;
				ENABLE_HARDENED_RUNTIME = YES;
				ENABLE_PREVIEWS = YES;
				GENERATE_INFOPLIST_FILE = YES;
				"INFOPLIST_KEY_UIApplicationSceneManifest_Generation[sdk=iphoneos*]" = YES;
				"INFOPLIST_KEY_UIApplicationSceneManifest_Generation[sdk=iphonesimulator*]" = YES;
				"INFOPLIST_KEY_UIApplicationSupportsIndirectInputEvents[sdk=iphoneos*]" = YES;
				"INFOPLIST_KEY_UIApplicationSupportsIndirectInputEvents[sdk=iphonesimulator*]" = YES;
				"INFOPLIST_KEY_UILaunchScreen_Generation[sdk=iphoneos*]" = YES;
				"INFOPLIST_KEY_UILaunchScreen_Generation[sdk=iphonesimulator*]" = YES;
				"INFOPLIST_KEY_UIStatusBarStyle[sdk=iphoneos*]" = UIStatusBarStyleDefault;
				"INFOPLIST_KEY_UIStatusBarStyle[sdk=iphonesimulator*]" = UIStatusBarStyleDefault;
				INFOPLIST_KEY_UISupportedInterfaceOrientations_iPad = "UIInterfaceOrientationPortrait UIInterfaceOrientationPortraitUpsideDown UIInterfaceOrientationLandscapeLeft UIInterfaceOrientationLandscapeRight";
				INFOPLIST_KEY_UISupportedInterfaceOrientations_iPhone = "UIInterfaceOrientationPortrait UIInterfaceOrientationLandscapeLeft UIInterfaceOrientationLandscapeRight";
				IPHONEOS_DEPLOYMENT_TARGET = 17.5;
				LD_RUNPATH_SEARCH_PATHS = "@executable_path/Frameworks";
				"LD_RUNPATH_SEARCH_PATHS[sdk=macosx*]" = "@executable_path/../Frameworks";
				MACOSX_DEPLOYMENT_TARGET = 14.5;
				MARKETING_VERSION = 1.0;
				PRODUCT_BUNDLE_IDENTIFIER = com.bookStore.BookStoreStrategiest;
				PRODUCT_NAME = "$(TARGET_NAME)";
				SDKROOT = auto;
				SUPPORTED_PLATFORMS = "iphoneos iphonesimulator macosx";
				SWIFT_EMIT_LOC_STRINGS = YES;
				SWIFT_VERSION = 5.0;
				TARGETED_DEVICE_FAMILY = "1,2";
			};
			name = Release;
		};
		3AFCFFFE2C49814800199EE0 /* Debug */ = {
			isa = XCBuildConfiguration;
			buildSettings = {
				ALWAYS_SEARCH_USER_PATHS = NO;
				ASSETCATALOG_COMPILER_GENERATE_SWIFT_ASSET_SYMBOL_EXTENSIONS = YES;
				CLANG_ANALYZER_NONNULL = YES;
				CLANG_ANALYZER_NUMBER_OBJECT_CONVERSION = YES_AGGRESSIVE;
				CLANG_CXX_LANGUAGE_STANDARD = "gnu++20";
				CLANG_ENABLE_MODULES = YES;
				CLANG_ENABLE_OBJC_ARC = YES;
				CLANG_ENABLE_OBJC_WEAK = YES;
				CLANG_WARN_BLOCK_CAPTURE_AUTORELEASING = YES;
				CLANG_WARN_BOOL_CONVERSION = YES;
				CLANG_WARN_COMMA = YES;
				CLANG_WARN_CONSTANT_CONVERSION = YES;
				CLANG_WARN_DEPRECATED_OBJC_IMPLEMENTATIONS = YES;
				CLANG_WARN_DIRECT_OBJC_ISA_USAGE = YES_ERROR;
				CLANG_WARN_DOCUMENTATION_COMMENTS = YES;
				CLANG_WARN_EMPTY_BODY = YES;
				CLANG_WARN_ENUM_CONVERSION = YES;
				CLANG_WARN_INFINITE_RECURSION = YES;
				CLANG_WARN_INT_CONVERSION = YES;
				CLANG_WARN_NON_LITERAL_NULL_CONVERSION = YES;
				CLANG_WARN_OBJC_IMPLICIT_RETAIN_SELF = YES;
				CLANG_WARN_OBJC_LITERAL_CONVERSION = YES;
				CLANG_WARN_OBJC_ROOT_CLASS = YES_ERROR;
				CLANG_WARN_QUOTED_INCLUDE_IN_FRAMEWORK_HEADER = YES;
				CLANG_WARN_RANGE_LOOP_ANALYSIS = YES;
				CLANG_WARN_STRICT_PROTOTYPES = YES;
				CLANG_WARN_SUSPICIOUS_MOVE = YES;
				CLANG_WARN_UNGUARDED_AVAILABILITY = YES_AGGRESSIVE;
				CLANG_WARN_UNREACHABLE_CODE = YES;
				CLANG_WARN__DUPLICATE_METHOD_MATCH = YES;
				COPY_PHASE_STRIP = NO;
				DEBUG_INFORMATION_FORMAT = dwarf;
				ENABLE_STRICT_OBJC_MSGSEND = YES;
				ENABLE_TESTABILITY = YES;
				ENABLE_USER_SCRIPT_SANDBOXING = YES;
				GCC_C_LANGUAGE_STANDARD = gnu17;
				GCC_DYNAMIC_NO_PIC = NO;
				GCC_NO_COMMON_BLOCKS = YES;
				GCC_OPTIMIZATION_LEVEL = 0;
				GCC_PREPROCESSOR_DEFINITIONS = (
					"DEBUG=1",
					"$(inherited)",
				);
				GCC_WARN_64_TO_32_BIT_CONVERSION = YES;
				GCC_WARN_ABOUT_RETURN_TYPE = YES_ERROR;
				GCC_WARN_UNDECLARED_SELECTOR = YES;
				GCC_WARN_UNINITIALIZED_AUTOS = YES_AGGRESSIVE;
				GCC_WARN_UNUSED_FUNCTION = YES;
				GCC_WARN_UNUSED_VARIABLE = YES;
				LOCALIZATION_PREFERS_STRING_CATALOGS = YES;
				MTL_ENABLE_DEBUG_INFO = INCLUDE_SOURCE;
				MTL_FAST_MATH = YES;
				ONLY_ACTIVE_ARCH = YES;
				SWIFT_ACTIVE_COMPILATION_CONDITIONS = "DEBUG $(inherited)";
				SWIFT_OPTIMIZATION_LEVEL = "-Onone";
			};
			name = Debug;
		};
		3AFCFFFF2C49814800199EE0 /* Release */ = {
			isa = XCBuildConfiguration;
			buildSettings = {
				ALWAYS_SEARCH_USER_PATHS = NO;
				ASSETCATALOG_COMPILER_GENERATE_SWIFT_ASSET_SYMBOL_EXTENSIONS = YES;
				CLANG_ANALYZER_NONNULL = YES;
				CLANG_ANALYZER_NUMBER_OBJECT_CONVERSION = YES_AGGRESSIVE;
				CLANG_CXX_LANGUAGE_STANDARD = "gnu++20";
				CLANG_ENABLE_MODULES = YES;
				CLANG_ENABLE_OBJC_ARC = YES;
				CLANG_ENABLE_OBJC_WEAK = YES;
				CLANG_WARN_BLOCK_CAPTURE_AUTORELEASING = YES;
				CLANG_WARN_BOOL_CONVERSION = YES;
				CLANG_WARN_COMMA = YES;
				CLANG_WARN_CONSTANT_CONVERSION = YES;
				CLANG_WARN_DEPRECATED_OBJC_IMPLEMENTATIONS = YES;
				CLANG_WARN_DIRECT_OBJC_ISA_USAGE = YES_ERROR;
				CLANG_WARN_DOCUMENTATION_COMMENTS = YES;
				CLANG_WARN_EMPTY_BODY = YES;
				CLANG_WARN_ENUM_CONVERSION = YES;
				CLANG_WARN_INFINITE_RECURSION = YES;
				CLANG_WARN_INT_CONVERSION = YES;
				CLANG_WARN_NON_LITERAL_NULL_CONVERSION = YES;
				CLANG_WARN_OBJC_IMPLICIT_RETAIN_SELF = YES;
				CLANG_WARN_OBJC_LITERAL_CONVERSION = YES;
				CLANG_WARN_OBJC_ROOT_CLASS = YES_ERROR;
				CLANG_WARN_QUOTED_INCLUDE_IN_FRAMEWORK_HEADER = YES;
				CLANG_WARN_RANGE_LOOP_ANALYSIS = YES;
				CLANG_WARN_STRICT_PROTOTYPES = YES;
				CLANG_WARN_SUSPICIOUS_MOVE = YES;
				CLANG_WARN_UNGUARDED_AVAILABILITY = YES_AGGRESSIVE;
				CLANG_WARN_UNREACHABLE_CODE = YES;
				CLANG_WARN__DUPLICATE_METHOD_MATCH = YES;
				COPY_PHASE_STRIP = NO;
				DEBUG_INFORMATION_FORMAT = "dwarf-with-dsym";
				ENABLE_NS_ASSERTIONS = NO;
				ENABLE_STRICT_OBJC_MSGSEND = YES;
				ENABLE_USER_SCRIPT_SANDBOXING = YES;
				GCC_C_LANGUAGE_STANDARD = gnu17;
				GCC_NO_COMMON_BLOCKS = YES;
				GCC_WARN_64_TO_32_BIT_CONVERSION = YES;
				GCC_WARN_ABOUT_RETURN_TYPE = YES_ERROR;
				GCC_WARN_UNDECLARED_SELECTOR = YES;
				GCC_WARN_UNINITIALIZED_AUTOS = YES_AGGRESSIVE;
				GCC_WARN_UNUSED_FUNCTION = YES;
				GCC_WARN_UNUSED_VARIABLE = YES;
				LOCALIZATION_PREFERS_STRING_CATALOGS = YES;
				MTL_ENABLE_DEBUG_INFO = NO;
				MTL_FAST_MATH = YES;
				SWIFT_COMPILATION_MODE = wholemodule;
			};
			name = Release;
		};
/* End XCBuildConfiguration section */

/* Begin XCConfigurationList section */
		3AFC00002C49814800199EE0 /* Build configuration list for PBXNativeTarget "BookStoreStrategiest" */ = {
			isa = XCConfigurationList;
			buildConfigurations = (
				3AFC00012C49814800199EE0 /* Debug */,
				3AFC00022C49814800199EE0 /* Release */,
			);
			defaultConfigurationIsVisible = 0;
			defaultConfigurationName = Release;
		};
		3AFCFFEC2C49814600199EE0 /* Build configuration list for PBXProject "BookStoreStrategiest" */ = {
			isa = XCConfigurationList;
			buildConfigurations = (
				3AFCFFFE2C49814800199EE0 /* Debug */,
				3AFCFFFF2C49814800199EE0 /* Release */,
			);
			defaultConfigurationIsVisible = 0;
			defaultConfigurationName = Release;
		};
/* End XCConfigurationList section */
	};
	rootObject = 3AFCFFE92C49814600199EE0 /* Project object */;
}
